{
  "name": "mandelbrot",
  "version": "1.0.0",
  "lockfileVersion": 2,
  "requires": true,
  "packages": {
    "": {
      "version": "1.0.0",
      "license": "ISC",
      "dependencies": {
        "@assemblyscript/loader": "^0.18.10"
      },
      "devDependencies": {
        "assemblyscript": "^0.18.10"
      }
    },
    "node_modules/@assemblyscript/loader": {
      "version": "0.18.10",
      "resolved": "https://registry.npmjs.org/@assemblyscript/loader/-/loader-0.18.10.tgz",
      "integrity": "sha512-qAir6BTZT5nUh0bUWMcBiVk7sMfv1iePS3vhQpymq6oOWmWLFFqLTKyQiqYq/3bKh2gVbnPkM5JarqOiJIb/oA=="
    },
    "node_modules/assemblyscript": {
      "version": "0.18.10",
      "resolved": "https://registry.npmjs.org/assemblyscript/-/assemblyscript-0.18.10.tgz",
      "integrity": "sha512-JDQk4wcDTIAf2hqI0u47CIyK8QnTvZ/jtbvUVCQGh1fQHnY9z53STZGT63+xQI4zSXX1g6I0BpBfRPiahBrLww==",
      "dev": true,
      "dependencies": {
        "binaryen": "98.0.0-nightly.20210106",
        "long": "^4.0.0"
      },
      "bin": {
        "asc": "bin/asc",
        "asinit": "bin/asinit"
      },
      "funding": {
        "type": "opencollective",
        "url": "https://opencollective.com/assemblyscript"
      }
    },
    "node_modules/binaryen": {
      "version": "98.0.0-nightly.20210106",
      "resolved": "https://registry.npmjs.org/binaryen/-/binaryen-98.0.0-nightly.20210106.tgz",
      "integrity": "sha512-iunAgesqT9PXVYCc72FA4h0sCCKLifruT6NuUH63xqlFJGpChhZLgOtyIb/fIgTibN5Pd692cxfBViyCWFsJ9Q==",
      "dev": true,
      "bin": {
        "wasm-opt": "bin/wasm-opt"
      }
    },
    "node_modules/long": {
      "version": "4.0.0",
      "resolved": "https://registry.npmjs.org/long/-/long-4.0.0.tgz",
      "integrity": "sha512-XsP+KhQif4bjX1kbuSiySJFNAehNxgLb6hPRGJ9QsUr8ajHkuXGdrHmFUTUUXhDwVX2R5bY4JNZEwbUiMhV+MA==",
      "dev": true
    }
  },
  "dependencies": {
    "@assemblyscript/loader": {
      "version": "0.18.10",
      "resolved": "https://registry.npmjs.org/@assemblyscript/loader/-/loader-0.18.10.tgz",
      "integrity": "sha512-qAir6BTZT5nUh0bUWMcBiVk7sMfv1iePS3vhQpymq6oOWmWLFFqLTKyQiqYq/3bKh2gVbnPkM5JarqOiJIb/oA=="
    },
    "assemblyscript": {
      "version": "0.18.10",
      "resolved": "https://registry.npmjs.org/assemblyscript/-/assemblyscript-0.18.10.tgz",
      "integrity": "sha512-JDQk4wcDTIAf2hqI0u47CIyK8QnTvZ/jtbvUVCQGh1fQHnY9z53STZGT63+xQI4zSXX1g6I0BpBfRPiahBrLww==",
      "dev": true,
      "requires": {
        "binaryen": "98.0.0-nightly.20210106",
        "long": "^4.0.0"
      }
    },
    "binaryen": {
      "version": "98.0.0-nightly.20210106",
      "resolved": "https://registry.npmjs.org/binaryen/-/binaryen-98.0.0-nightly.20210106.tgz",
      "integrity": "sha512-iunAgesqT9PXVYCc72FA4h0sCCKLifruT6NuUH63xqlFJGpChhZLgOtyIb/fIgTibN5Pd692cxfBViyCWFsJ9Q==",
      "dev": true
    },
    "long": {
      "version": "4.0.0",
      "resolved": "https://registry.npmjs.org/long/-/long-4.0.0.tgz",
      "integrity": "sha512-XsP+KhQif4bjX1kbuSiySJFNAehNxgLb6hPRGJ9QsUr8ajHkuXGdrHmFUTUUXhDwVX2R5bY4JNZEwbUiMhV+MA==",
      "dev": true
    }
  }
}
